# This file is automatically @generated by Cargo.
# It is not intended for manual editing.
# version = 3
# This file is intentionally left empty until at least one member crate is added.
# Once `cargo build` or `cargo check` runs successfully, Cargo will populate this file
# with the resolved dependency graph and package checksums.